
Microsoft Visual Studio Solution File, Format Version 12.00
# Visual Studio Version 16
VisualStudioVersion = 16.0.30114.105
MinimumVisualStudioVersion = 10.0.40219.1
Project("{FAE04EC0-301F-11D3-BF4B-00C04F79EFBC}") = "CatMash", "CatMash\CatMash.csproj", "{B459FB8E-6338-4449-AAE4-05895BDB2B7B}"
EndProject
Project("{FAE04EC0-301F-11D3-BF4B-00C04F79EFBC}") = "Domain", "Domain\Domain.csproj", "{A32EC460-47DF-44F8-9BF5-427E508D925C}"
EndProject
Project("{FAE04EC0-301F-11D3-BF4B-00C04F79EFBC}") = "Domain.Test", "Domain.Test\Domain.Test.csproj", "{36CCAACD-D6CD-4F2C-8FA7-5E978649EA72}"
EndProject
Global
	GlobalSection(SolutionConfigurationPlatforms) = preSolution
		Debug|Any CPU = Debug|Any CPU
		Release|Any CPU = Release|Any CPU
	EndGlobalSection
	GlobalSection(ProjectConfigurationPlatforms) = postSolution
		{B459FB8E-6338-4449-AAE4-05895BDB2B7B}.Debug|Any CPU.ActiveCfg = Debug|Any CPU
		{B459FB8E-6338-4449-AAE4-05895BDB2B7B}.Debug|Any CPU.Build.0 = Debug|Any CPU
		{B459FB8E-6338-4449-AAE4-05895BDB2B7B}.Release|Any CPU.ActiveCfg = Release|Any CPU
		{B459FB8E-6338-4449-AAE4-05895BDB2B7B}.Release|Any CPU.Build.0 = Release|Any CPU
		{A32EC460-47DF-44F8-9BF5-427E508D925C}.Debug|Any CPU.ActiveCfg = Debug|Any CPU
		{A32EC460-47DF-44F8-9BF5-427E508D925C}.Debug|Any CPU.Build.0 = Debug|Any CPU
		{A32EC460-47DF-44F8-9BF5-427E508D925C}.Release|Any CPU.ActiveCfg = Release|Any CPU
		{A32EC460-47DF-44F8-9BF5-427E508D925C}.Release|Any CPU.Build.0 = Release|Any CPU
		{36CCAACD-D6CD-4F2C-8FA7-5E978649EA72}.Debug|Any CPU.ActiveCfg = Debug|Any CPU
		{36CCAACD-D6CD-4F2C-8FA7-5E978649EA72}.Debug|Any CPU.Build.0 = Debug|Any CPU
		{36CCAACD-D6CD-4F2C-8FA7-5E978649EA72}.Release|Any CPU.ActiveCfg = Release|Any CPU
		{36CCAACD-D6CD-4F2C-8FA7-5E978649EA72}.Release|Any CPU.Build.0 = Release|Any CPU
	EndGlobalSection
	GlobalSection(SolutionProperties) = preSolution
		HideSolutionNode = FALSE
	EndGlobalSection
	GlobalSection(ExtensibilityGlobals) = postSolution
		SolutionGuid = {7D573BEA-BF09-4C3D-8D16-186BF43A07E6}
	EndGlobalSection
EndGlobal
